
Microsoft Visual Studio Solution File, Format Version 12.00
# Visual Studio Version 17
VisualStudioVersion = 17.0.31903.59
MinimumVisualStudioVersion = 10.0.40219.1
Project("{FAE04EC0-301F-11D3-BF4B-00C04F79EFBC}") = "API", "API\API.csproj", "{880E75C1-7E00-47A5-A903-CC4C81D5FAB5}"
EndProject
Project("{FAE04EC0-301F-11D3-BF4B-00C04F79EFBC}") = "Application", "Application\Application.csproj", "{9BF1E275-4DC5-476C-AA19-033F1DB12413}"
EndProject
Project("{FAE04EC0-301F-11D3-BF4B-00C04F79EFBC}") = "Domain", "Domain\Domain.csproj", "{D8BBEFB4-46DE-407F-BF45-7D655E3E89A5}"
EndProject
Project("{FAE04EC0-301F-11D3-BF4B-00C04F79EFBC}") = "Persistence", "Persistence\Persistence.csproj", "{F1959BDA-8275-4902-8700-28AACEBE8655}"
EndProject
Global
	GlobalSection(SolutionConfigurationPlatforms) = preSolution
		Debug|Any CPU = Debug|Any CPU
		Release|Any CPU = Release|Any CPU
	EndGlobalSection
	GlobalSection(SolutionProperties) = preSolution
		HideSolutionNode = FALSE
	EndGlobalSection
	GlobalSection(ProjectConfigurationPlatforms) = postSolution
		{880E75C1-7E00-47A5-A903-CC4C81D5FAB5}.Debug|Any CPU.ActiveCfg = Debug|Any CPU
		{880E75C1-7E00-47A5-A903-CC4C81D5FAB5}.Debug|Any CPU.Build.0 = Debug|Any CPU
		{880E75C1-7E00-47A5-A903-CC4C81D5FAB5}.Release|Any CPU.ActiveCfg = Release|Any CPU
		{880E75C1-7E00-47A5-A903-CC4C81D5FAB5}.Release|Any CPU.Build.0 = Release|Any CPU
		{9BF1E275-4DC5-476C-AA19-033F1DB12413}.Debug|Any CPU.ActiveCfg = Debug|Any CPU
		{9BF1E275-4DC5-476C-AA19-033F1DB12413}.Debug|Any CPU.Build.0 = Debug|Any CPU
		{9BF1E275-4DC5-476C-AA19-033F1DB12413}.Release|Any CPU.ActiveCfg = Release|Any CPU
		{9BF1E275-4DC5-476C-AA19-033F1DB12413}.Release|Any CPU.Build.0 = Release|Any CPU
		{D8BBEFB4-46DE-407F-BF45-7D655E3E89A5}.Debug|Any CPU.ActiveCfg = Debug|Any CPU
		{D8BBEFB4-46DE-407F-BF45-7D655E3E89A5}.Debug|Any CPU.Build.0 = Debug|Any CPU
		{D8BBEFB4-46DE-407F-BF45-7D655E3E89A5}.Release|Any CPU.ActiveCfg = Release|Any CPU
		{D8BBEFB4-46DE-407F-BF45-7D655E3E89A5}.Release|Any CPU.Build.0 = Release|Any CPU
		{F1959BDA-8275-4902-8700-28AACEBE8655}.Debug|Any CPU.ActiveCfg = Debug|Any CPU
		{F1959BDA-8275-4902-8700-28AACEBE8655}.Debug|Any CPU.Build.0 = Debug|Any CPU
		{F1959BDA-8275-4902-8700-28AACEBE8655}.Release|Any CPU.ActiveCfg = Release|Any CPU
		{F1959BDA-8275-4902-8700-28AACEBE8655}.Release|Any CPU.Build.0 = Release|Any CPU
	EndGlobalSection
EndGlobal
